
Microsoft Visual Studio Solution File, Format Version 12.00
# Visual Studio Version 17
VisualStudioVersion = 17.10.35027.167
MinimumVisualStudioVersion = 10.0.40219.1
Project("{9A19103F-16F7-4668-BE54-9A1E7A4F7556}") = "Entities", "Entities\Entities.csproj", "{19ED3372-F667-450D-BF28-90A4407FD2DC}"
EndProject
Project("{9A19103F-16F7-4668-BE54-9A1E7A4F7556}") = "DataAccess", "DataAccess\DataAccess.csproj", "{817514EC-FCC2-43D2-BFB6-7DC8FC2599FF}"
EndProject
Project("{9A19103F-16F7-4668-BE54-9A1E7A4F7556}") = "Business", "Business\Business.csproj", "{B2DB3005-5967-4601-9A7C-71E942E310C3}"
EndProject
Project("{9A19103F-16F7-4668-BE54-9A1E7A4F7556}") = "Core", "Core\Core.csproj", "{A43585BF-2FE9-4D3F-BB98-B930762CBA16}"
EndProject
Project("{FAE04EC0-301F-11D3-BF4B-00C04F79EFBC}") = "webAPI", "WebApplication2\webAPI.csproj", "{AE772FD1-23D7-4D01-B773-E9AC4FFC50E6}"
EndProject
Global
	GlobalSection(SolutionConfigurationPlatforms) = preSolution
		Debug|Any CPU = Debug|Any CPU
		Release|Any CPU = Release|Any CPU
	EndGlobalSection
	GlobalSection(ProjectConfigurationPlatforms) = postSolution
		{19ED3372-F667-450D-BF28-90A4407FD2DC}.Debug|Any CPU.ActiveCfg = Debug|Any CPU
		{19ED3372-F667-450D-BF28-90A4407FD2DC}.Debug|Any CPU.Build.0 = Debug|Any CPU
		{19ED3372-F667-450D-BF28-90A4407FD2DC}.Release|Any CPU.ActiveCfg = Release|Any CPU
		{19ED3372-F667-450D-BF28-90A4407FD2DC}.Release|Any CPU.Build.0 = Release|Any CPU
		{817514EC-FCC2-43D2-BFB6-7DC8FC2599FF}.Debug|Any CPU.ActiveCfg = Debug|Any CPU
		{817514EC-FCC2-43D2-BFB6-7DC8FC2599FF}.Debug|Any CPU.Build.0 = Debug|Any CPU
		{817514EC-FCC2-43D2-BFB6-7DC8FC2599FF}.Release|Any CPU.ActiveCfg = Release|Any CPU
		{817514EC-FCC2-43D2-BFB6-7DC8FC2599FF}.Release|Any CPU.Build.0 = Release|Any CPU
		{B2DB3005-5967-4601-9A7C-71E942E310C3}.Debug|Any CPU.ActiveCfg = Debug|Any CPU
		{B2DB3005-5967-4601-9A7C-71E942E310C3}.Debug|Any CPU.Build.0 = Debug|Any CPU
		{B2DB3005-5967-4601-9A7C-71E942E310C3}.Release|Any CPU.ActiveCfg = Release|Any CPU
		{B2DB3005-5967-4601-9A7C-71E942E310C3}.Release|Any CPU.Build.0 = Release|Any CPU
		{A43585BF-2FE9-4D3F-BB98-B930762CBA16}.Debug|Any CPU.ActiveCfg = Debug|Any CPU
		{A43585BF-2FE9-4D3F-BB98-B930762CBA16}.Debug|Any CPU.Build.0 = Debug|Any CPU
		{A43585BF-2FE9-4D3F-BB98-B930762CBA16}.Release|Any CPU.ActiveCfg = Release|Any CPU
		{A43585BF-2FE9-4D3F-BB98-B930762CBA16}.Release|Any CPU.Build.0 = Release|Any CPU
		{AE772FD1-23D7-4D01-B773-E9AC4FFC50E6}.Debug|Any CPU.ActiveCfg = Debug|Any CPU
		{AE772FD1-23D7-4D01-B773-E9AC4FFC50E6}.Debug|Any CPU.Build.0 = Debug|Any CPU
		{AE772FD1-23D7-4D01-B773-E9AC4FFC50E6}.Release|Any CPU.ActiveCfg = Release|Any CPU
		{AE772FD1-23D7-4D01-B773-E9AC4FFC50E6}.Release|Any CPU.Build.0 = Release|Any CPU
	EndGlobalSection
	GlobalSection(SolutionProperties) = preSolution
		HideSolutionNode = FALSE
	EndGlobalSection
	GlobalSection(ExtensibilityGlobals) = postSolution
		SolutionGuid = {BCC2D4A5-7668-4BFA-A85C-FCBCA3407024}
	EndGlobalSection
EndGlobal
